
Microsoft Visual Studio Solution File, Format Version 12.00
# Visual Studio 15
VisualStudioVersion = 15.0.27428.2002
MinimumVisualStudioVersion = 10.0.40219.1
Project("{9A19103F-16F7-4668-BE54-9A1E7A4F7556}") = "PhoenixBot", "PhoenixBot\PhoenixBot.csproj", "{C88A871E-AAA7-4E9C-B12A-084A1E05D05A}"
EndProject
Project("{00D1A9C2-B5F0-4AF3-8072-F6C62B433612}") = "DataBased", "DataBased\DataBased.sqlproj", "{E4302C3F-3AE8-4861-A553-571A1FF8542C}"
EndProject
Global
	GlobalSection(SolutionConfigurationPlatforms) = preSolution
		Debug|Any CPU = Debug|Any CPU
		Debug|ARM = Debug|ARM
		Debug|ARM64 = Debug|ARM64
		Debug|x64 = Debug|x64
		Debug|x86 = Debug|x86
		Release|Any CPU = Release|Any CPU
		Release|ARM = Release|ARM
		Release|ARM64 = Release|ARM64
		Release|x64 = Release|x64
		Release|x86 = Release|x86
	EndGlobalSection
	GlobalSection(ProjectConfigurationPlatforms) = postSolution
		{C88A871E-AAA7-4E9C-B12A-084A1E05D05A}.Debug|Any CPU.ActiveCfg = Debug|Any CPU
		{C88A871E-AAA7-4E9C-B12A-084A1E05D05A}.Debug|Any CPU.Build.0 = Debug|Any CPU
		{C88A871E-AAA7-4E9C-B12A-084A1E05D05A}.Debug|ARM.ActiveCfg = Debug|Any CPU
		{C88A871E-AAA7-4E9C-B12A-084A1E05D05A}.Debug|ARM.Build.0 = Debug|Any CPU
		{C88A871E-AAA7-4E9C-B12A-084A1E05D05A}.Debug|ARM64.ActiveCfg = Debug|Any CPU
		{C88A871E-AAA7-4E9C-B12A-084A1E05D05A}.Debug|ARM64.Build.0 = Debug|Any CPU
		{C88A871E-AAA7-4E9C-B12A-084A1E05D05A}.Debug|x64.ActiveCfg = Debug|Any CPU
		{C88A871E-AAA7-4E9C-B12A-084A1E05D05A}.Debug|x64.Build.0 = Debug|Any CPU
		{C88A871E-AAA7-4E9C-B12A-084A1E05D05A}.Debug|x86.ActiveCfg = Debug|Any CPU
		{C88A871E-AAA7-4E9C-B12A-084A1E05D05A}.Debug|x86.Build.0 = Debug|Any CPU
		{C88A871E-AAA7-4E9C-B12A-084A1E05D05A}.Release|Any CPU.ActiveCfg = Debug|Any CPU
		{C88A871E-AAA7-4E9C-B12A-084A1E05D05A}.Release|Any CPU.Build.0 = Debug|Any CPU
		{C88A871E-AAA7-4E9C-B12A-084A1E05D05A}.Release|ARM.ActiveCfg = Release|Any CPU
		{C88A871E-AAA7-4E9C-B12A-084A1E05D05A}.Release|ARM.Build.0 = Release|Any CPU
		{C88A871E-AAA7-4E9C-B12A-084A1E05D05A}.Release|ARM64.ActiveCfg = Release|Any CPU
		{C88A871E-AAA7-4E9C-B12A-084A1E05D05A}.Release|ARM64.Build.0 = Release|Any CPU
		{C88A871E-AAA7-4E9C-B12A-084A1E05D05A}.Release|x64.ActiveCfg = Release|Any CPU
		{C88A871E-AAA7-4E9C-B12A-084A1E05D05A}.Release|x64.Build.0 = Release|Any CPU
		{C88A871E-AAA7-4E9C-B12A-084A1E05D05A}.Release|x86.ActiveCfg = Release|Any CPU
		{C88A871E-AAA7-4E9C-B12A-084A1E05D05A}.Release|x86.Build.0 = Release|Any CPU
		{E4302C3F-3AE8-4861-A553-571A1FF8542C}.Debug|Any CPU.ActiveCfg = Debug|Any CPU
		{E4302C3F-3AE8-4861-A553-571A1FF8542C}.Debug|Any CPU.Build.0 = Debug|Any CPU
		{E4302C3F-3AE8-4861-A553-571A1FF8542C}.Debug|Any CPU.Deploy.0 = Debug|Any CPU
		{E4302C3F-3AE8-4861-A553-571A1FF8542C}.Debug|ARM.ActiveCfg = Debug|Any CPU
		{E4302C3F-3AE8-4861-A553-571A1FF8542C}.Debug|ARM.Build.0 = Debug|Any CPU
		{E4302C3F-3AE8-4861-A553-571A1FF8542C}.Debug|ARM.Deploy.0 = Debug|Any CPU
		{E4302C3F-3AE8-4861-A553-571A1FF8542C}.Debug|ARM64.ActiveCfg = Debug|Any CPU
		{E4302C3F-3AE8-4861-A553-571A1FF8542C}.Debug|ARM64.Build.0 = Debug|Any CPU
		{E4302C3F-3AE8-4861-A553-571A1FF8542C}.Debug|ARM64.Deploy.0 = Debug|Any CPU
		{E4302C3F-3AE8-4861-A553-571A1FF8542C}.Debug|x64.ActiveCfg = Debug|Any CPU
		{E4302C3F-3AE8-4861-A553-571A1FF8542C}.Debug|x64.Build.0 = Debug|Any CPU
		{E4302C3F-3AE8-4861-A553-571A1FF8542C}.Debug|x64.Deploy.0 = Debug|Any CPU
		{E4302C3F-3AE8-4861-A553-571A1FF8542C}.Debug|x86.ActiveCfg = Debug|Any CPU
		{E4302C3F-3AE8-4861-A553-571A1FF8542C}.Debug|x86.Build.0 = Debug|Any CPU
		{E4302C3F-3AE8-4861-A553-571A1FF8542C}.Debug|x86.Deploy.0 = Debug|Any CPU
		{E4302C3F-3AE8-4861-A553-571A1FF8542C}.Release|Any CPU.ActiveCfg = Release|Any CPU
		{E4302C3F-3AE8-4861-A553-571A1FF8542C}.Release|Any CPU.Build.0 = Release|Any CPU
		{E4302C3F-3AE8-4861-A553-571A1FF8542C}.Release|Any CPU.Deploy.0 = Release|Any CPU
		{E4302C3F-3AE8-4861-A553-571A1FF8542C}.Release|ARM.ActiveCfg = Release|Any CPU
		{E4302C3F-3AE8-4861-A553-571A1FF8542C}.Release|ARM.Build.0 = Release|Any CPU
		{E4302C3F-3AE8-4861-A553-571A1FF8542C}.Release|ARM.Deploy.0 = Release|Any CPU
		{E4302C3F-3AE8-4861-A553-571A1FF8542C}.Release|ARM64.ActiveCfg = Release|Any CPU
		{E4302C3F-3AE8-4861-A553-571A1FF8542C}.Release|ARM64.Build.0 = Release|Any CPU
		{E4302C3F-3AE8-4861-A553-571A1FF8542C}.Release|ARM64.Deploy.0 = Release|Any CPU
		{E4302C3F-3AE8-4861-A553-571A1FF8542C}.Release|x64.ActiveCfg = Release|Any CPU
		{E4302C3F-3AE8-4861-A553-571A1FF8542C}.Release|x64.Build.0 = Release|Any CPU
		{E4302C3F-3AE8-4861-A553-571A1FF8542C}.Release|x64.Deploy.0 = Release|Any CPU
		{E4302C3F-3AE8-4861-A553-571A1FF8542C}.Release|x86.ActiveCfg = Release|Any CPU
		{E4302C3F-3AE8-4861-A553-571A1FF8542C}.Release|x86.Build.0 = Release|Any CPU
		{E4302C3F-3AE8-4861-A553-571A1FF8542C}.Release|x86.Deploy.0 = Release|Any CPU
	EndGlobalSection
	GlobalSection(SolutionProperties) = preSolution
		HideSolutionNode = FALSE
	EndGlobalSection
	GlobalSection(ExtensibilityGlobals) = postSolution
		SolutionGuid = {54772638-EC59-45BD-B06D-BAF557EFFE43}
	EndGlobalSection
EndGlobal
