<<<<<<< HEAD
﻿
Microsoft Visual Studio Solution File, Format Version 12.00
# Visual Studio 15
VisualStudioVersion = 15.0.27428.2002
MinimumVisualStudioVersion = 10.0.40219.1
Project("{9A19103F-16F7-4668-BE54-9A1E7A4F7556}") = "PhoenixBot", "PhoenixBot\PhoenixBot.csproj", "{C88A871E-AAA7-4E9C-B12A-084A1E05D05A}"
EndProject
Global
	GlobalSection(SolutionConfigurationPlatforms) = preSolution
		Debug|Any CPU = Debug|Any CPU
		Debug|ARM = Debug|ARM
		Debug|x64 = Debug|x64
		Debug|x86 = Debug|x86
		Release|Any CPU = Release|Any CPU
		Release|ARM = Release|ARM
		Release|x64 = Release|x64
		Release|x86 = Release|x86
	EndGlobalSection
	GlobalSection(ProjectConfigurationPlatforms) = postSolution
		{C88A871E-AAA7-4E9C-B12A-084A1E05D05A}.Debug|Any CPU.ActiveCfg = Debug|Any CPU
		{C88A871E-AAA7-4E9C-B12A-084A1E05D05A}.Debug|Any CPU.Build.0 = Debug|Any CPU
		{C88A871E-AAA7-4E9C-B12A-084A1E05D05A}.Debug|ARM.ActiveCfg = Debug|Any CPU
		{C88A871E-AAA7-4E9C-B12A-084A1E05D05A}.Debug|ARM.Build.0 = Debug|Any CPU
		{C88A871E-AAA7-4E9C-B12A-084A1E05D05A}.Debug|x64.ActiveCfg = Debug|Any CPU
		{C88A871E-AAA7-4E9C-B12A-084A1E05D05A}.Debug|x64.Build.0 = Debug|Any CPU
		{C88A871E-AAA7-4E9C-B12A-084A1E05D05A}.Debug|x86.ActiveCfg = Debug|Any CPU
		{C88A871E-AAA7-4E9C-B12A-084A1E05D05A}.Debug|x86.Build.0 = Debug|Any CPU
		{C88A871E-AAA7-4E9C-B12A-084A1E05D05A}.Release|Any CPU.ActiveCfg = Release|Any CPU
		{C88A871E-AAA7-4E9C-B12A-084A1E05D05A}.Release|Any CPU.Build.0 = Release|Any CPU
		{C88A871E-AAA7-4E9C-B12A-084A1E05D05A}.Release|ARM.ActiveCfg = Release|Any CPU
		{C88A871E-AAA7-4E9C-B12A-084A1E05D05A}.Release|ARM.Build.0 = Release|Any CPU
		{C88A871E-AAA7-4E9C-B12A-084A1E05D05A}.Release|x64.ActiveCfg = Release|Any CPU
		{C88A871E-AAA7-4E9C-B12A-084A1E05D05A}.Release|x64.Build.0 = Release|Any CPU
		{C88A871E-AAA7-4E9C-B12A-084A1E05D05A}.Release|x86.ActiveCfg = Release|Any CPU
		{C88A871E-AAA7-4E9C-B12A-084A1E05D05A}.Release|x86.Build.0 = Release|Any CPU
	EndGlobalSection
	GlobalSection(SolutionProperties) = preSolution
		HideSolutionNode = FALSE
	EndGlobalSection
	GlobalSection(ExtensibilityGlobals) = postSolution
		SolutionGuid = {54772638-EC59-45BD-B06D-BAF557EFFE43}
	EndGlobalSection
EndGlobal
=======
﻿
Microsoft Visual Studio Solution File, Format Version 12.00
# Visual Studio 15
VisualStudioVersion = 15.0.27428.2002
MinimumVisualStudioVersion = 10.0.40219.1
Project("{9A19103F-16F7-4668-BE54-9A1E7A4F7556}") = "PhoenixBot", "PhoenixBot\PhoenixBot.csproj", "{C88A871E-AAA7-4E9C-B12A-084A1E05D05A}"
EndProject
Project("{00D1A9C2-B5F0-4AF3-8072-F6C62B433612}") = "UserAccountsDB", "UserAccountsDB\UserAccountsDB.sqlproj", "{F3ED5D77-8E0B-4575-A7AD-8E4B08A7E6AD}"
EndProject
Global
	GlobalSection(SolutionConfigurationPlatforms) = preSolution
		Debug|Any CPU = Debug|Any CPU
		Debug|ARM = Debug|ARM
		Debug|x64 = Debug|x64
		Debug|x86 = Debug|x86
		Release|Any CPU = Release|Any CPU
		Release|ARM = Release|ARM
		Release|x64 = Release|x64
		Release|x86 = Release|x86
	EndGlobalSection
	GlobalSection(ProjectConfigurationPlatforms) = postSolution
		{C88A871E-AAA7-4E9C-B12A-084A1E05D05A}.Debug|Any CPU.ActiveCfg = Debug|Any CPU
		{C88A871E-AAA7-4E9C-B12A-084A1E05D05A}.Debug|Any CPU.Build.0 = Debug|Any CPU
		{C88A871E-AAA7-4E9C-B12A-084A1E05D05A}.Debug|ARM.ActiveCfg = Debug|Any CPU
		{C88A871E-AAA7-4E9C-B12A-084A1E05D05A}.Debug|ARM.Build.0 = Debug|Any CPU
		{C88A871E-AAA7-4E9C-B12A-084A1E05D05A}.Debug|x64.ActiveCfg = Debug|Any CPU
		{C88A871E-AAA7-4E9C-B12A-084A1E05D05A}.Debug|x64.Build.0 = Debug|Any CPU
		{C88A871E-AAA7-4E9C-B12A-084A1E05D05A}.Debug|x86.ActiveCfg = Debug|Any CPU
		{C88A871E-AAA7-4E9C-B12A-084A1E05D05A}.Debug|x86.Build.0 = Debug|Any CPU
		{C88A871E-AAA7-4E9C-B12A-084A1E05D05A}.Release|Any CPU.ActiveCfg = Release|Any CPU
		{C88A871E-AAA7-4E9C-B12A-084A1E05D05A}.Release|Any CPU.Build.0 = Release|Any CPU
		{C88A871E-AAA7-4E9C-B12A-084A1E05D05A}.Release|ARM.ActiveCfg = Release|Any CPU
		{C88A871E-AAA7-4E9C-B12A-084A1E05D05A}.Release|ARM.Build.0 = Release|Any CPU
		{C88A871E-AAA7-4E9C-B12A-084A1E05D05A}.Release|x64.ActiveCfg = Release|Any CPU
		{C88A871E-AAA7-4E9C-B12A-084A1E05D05A}.Release|x64.Build.0 = Release|Any CPU
		{C88A871E-AAA7-4E9C-B12A-084A1E05D05A}.Release|x86.ActiveCfg = Release|Any CPU
		{C88A871E-AAA7-4E9C-B12A-084A1E05D05A}.Release|x86.Build.0 = Release|Any CPU
		{F3ED5D77-8E0B-4575-A7AD-8E4B08A7E6AD}.Debug|Any CPU.ActiveCfg = Debug|Any CPU
		{F3ED5D77-8E0B-4575-A7AD-8E4B08A7E6AD}.Debug|Any CPU.Build.0 = Debug|Any CPU
		{F3ED5D77-8E0B-4575-A7AD-8E4B08A7E6AD}.Debug|Any CPU.Deploy.0 = Debug|Any CPU
		{F3ED5D77-8E0B-4575-A7AD-8E4B08A7E6AD}.Debug|ARM.ActiveCfg = Debug|Any CPU
		{F3ED5D77-8E0B-4575-A7AD-8E4B08A7E6AD}.Debug|ARM.Build.0 = Debug|Any CPU
		{F3ED5D77-8E0B-4575-A7AD-8E4B08A7E6AD}.Debug|ARM.Deploy.0 = Debug|Any CPU
		{F3ED5D77-8E0B-4575-A7AD-8E4B08A7E6AD}.Debug|x64.ActiveCfg = Debug|Any CPU
		{F3ED5D77-8E0B-4575-A7AD-8E4B08A7E6AD}.Debug|x64.Build.0 = Debug|Any CPU
		{F3ED5D77-8E0B-4575-A7AD-8E4B08A7E6AD}.Debug|x64.Deploy.0 = Debug|Any CPU
		{F3ED5D77-8E0B-4575-A7AD-8E4B08A7E6AD}.Debug|x86.ActiveCfg = Debug|Any CPU
		{F3ED5D77-8E0B-4575-A7AD-8E4B08A7E6AD}.Debug|x86.Build.0 = Debug|Any CPU
		{F3ED5D77-8E0B-4575-A7AD-8E4B08A7E6AD}.Debug|x86.Deploy.0 = Debug|Any CPU
		{F3ED5D77-8E0B-4575-A7AD-8E4B08A7E6AD}.Release|Any CPU.ActiveCfg = Release|Any CPU
		{F3ED5D77-8E0B-4575-A7AD-8E4B08A7E6AD}.Release|Any CPU.Build.0 = Release|Any CPU
		{F3ED5D77-8E0B-4575-A7AD-8E4B08A7E6AD}.Release|Any CPU.Deploy.0 = Release|Any CPU
		{F3ED5D77-8E0B-4575-A7AD-8E4B08A7E6AD}.Release|ARM.ActiveCfg = Release|Any CPU
		{F3ED5D77-8E0B-4575-A7AD-8E4B08A7E6AD}.Release|ARM.Build.0 = Release|Any CPU
		{F3ED5D77-8E0B-4575-A7AD-8E4B08A7E6AD}.Release|ARM.Deploy.0 = Release|Any CPU
		{F3ED5D77-8E0B-4575-A7AD-8E4B08A7E6AD}.Release|x64.ActiveCfg = Release|Any CPU
		{F3ED5D77-8E0B-4575-A7AD-8E4B08A7E6AD}.Release|x64.Build.0 = Release|Any CPU
		{F3ED5D77-8E0B-4575-A7AD-8E4B08A7E6AD}.Release|x64.Deploy.0 = Release|Any CPU
		{F3ED5D77-8E0B-4575-A7AD-8E4B08A7E6AD}.Release|x86.ActiveCfg = Release|Any CPU
		{F3ED5D77-8E0B-4575-A7AD-8E4B08A7E6AD}.Release|x86.Build.0 = Release|Any CPU
		{F3ED5D77-8E0B-4575-A7AD-8E4B08A7E6AD}.Release|x86.Deploy.0 = Release|Any CPU
	EndGlobalSection
	GlobalSection(SolutionProperties) = preSolution
		HideSolutionNode = FALSE
	EndGlobalSection
	GlobalSection(ExtensibilityGlobals) = postSolution
		SolutionGuid = {54772638-EC59-45BD-B06D-BAF557EFFE43}
	EndGlobalSection
EndGlobal
>>>>>>> parent of 0f2d20e... Working on SQL storage
