
Microsoft Visual Studio Solution File, Format Version 12.00
# Visual Studio 15
VisualStudioVersion = 15.0.27428.2002
MinimumVisualStudioVersion = 10.0.40219.1
Project("{9A19103F-16F7-4668-BE54-9A1E7A4F7556}") = "PhoenixBot", "PhoenixBot\PhoenixBot.csproj", "{C88A871E-AAA7-4E9C-B12A-084A1E05D05A}"
EndProject
Global
	GlobalSection(SolutionConfigurationPlatforms) = preSolution
		Debug|Any CPU = Debug|Any CPU
		Release|Any CPU = Release|Any CPU
	EndGlobalSection
	GlobalSection(ProjectConfigurationPlatforms) = postSolution
		{C88A871E-AAA7-4E9C-B12A-084A1E05D05A}.Debug|Any CPU.ActiveCfg = Debug|Any CPU
		{C88A871E-AAA7-4E9C-B12A-084A1E05D05A}.Debug|Any CPU.Build.0 = Debug|Any CPU
		{C88A871E-AAA7-4E9C-B12A-084A1E05D05A}.Release|Any CPU.ActiveCfg = Release|Any CPU
		{C88A871E-AAA7-4E9C-B12A-084A1E05D05A}.Release|Any CPU.Build.0 = Release|Any CPU
	EndGlobalSection
	GlobalSection(SolutionProperties) = preSolution
		HideSolutionNode = FALSE
	EndGlobalSection
	GlobalSection(ExtensibilityGlobals) = postSolution
		SolutionGuid = {54772638-EC59-45BD-B06D-BAF557EFFE43}
	EndGlobalSection
EndGlobal
